
Microsoft Visual Studio Solution File, Format Version 12.00
# Visual Studio 15
VisualStudioVersion = 15.0.27004.2002
MinimumVisualStudioVersion = 10.0.40219.1
Project("{FAE04EC0-301F-11D3-BF4B-00C04F79EFBC}") = "Effects", "Effects\Effects.csproj", "{DE067C98-44AB-4BF0-87DB-37CC6A00ACDB}"
EndProject
Global
	GlobalSection(SolutionConfigurationPlatforms) = preSolution
		Debug|Any CPU = Debug|Any CPU
		Release|Any CPU = Release|Any CPU
	EndGlobalSection
	GlobalSection(ProjectConfigurationPlatforms) = postSolution
		{DE067C98-44AB-4BF0-87DB-37CC6A00ACDB}.Debug|Any CPU.ActiveCfg = Debug|Any CPU
		{DE067C98-44AB-4BF0-87DB-37CC6A00ACDB}.Debug|Any CPU.Build.0 = Debug|Any CPU
		{DE067C98-44AB-4BF0-87DB-37CC6A00ACDB}.Release|Any CPU.ActiveCfg = Release|Any CPU
		{DE067C98-44AB-4BF0-87DB-37CC6A00ACDB}.Release|Any CPU.Build.0 = Release|Any CPU
	EndGlobalSection
	GlobalSection(SolutionProperties) = preSolution
		HideSolutionNode = FALSE
	EndGlobalSection
	GlobalSection(ExtensibilityGlobals) = postSolution
		SolutionGuid = {F3D87672-E513-43F6-A329-435D2F987C53}
	EndGlobalSection
EndGlobal
